// !$*UTF8*$!
{
	archiveVersion = 1;
	classes = {
	};
	objectVersion = 50;
	objects = {

/* Begin PBXBuildFile section */
		6307C61120E32F0A006573C5 /* AppDelegate.swift in Sources */ = {isa = PBXBuildFile; fileRef = 6307C61020E32F0A006573C5 /* AppDelegate.swift */; };
		6307C61820E32F0A006573C5 /* Main.storyboard in Resources */ = {isa = PBXBuildFile; fileRef = 6307C61620E32F0A006573C5 /* Main.storyboard */; };
		6307C61A20E32F0B006573C5 /* Assets.xcassets in Resources */ = {isa = PBXBuildFile; fileRef = 6307C61920E32F0B006573C5 /* Assets.xcassets */; };
		6307C61D20E32F0B006573C5 /* LaunchScreen.storyboard in Resources */ = {isa = PBXBuildFile; fileRef = 6307C61B20E32F0B006573C5 /* LaunchScreen.storyboard */; };
		6307C62B20E3346F006573C5 /* BaseDataSerializer.swift in Sources */ = {isa = PBXBuildFile; fileRef = 6307C62820E3346F006573C5 /* BaseDataSerializer.swift */; };
		6307C62C20E3346F006573C5 /* TaipeiParkRouter.swift in Sources */ = {isa = PBXBuildFile; fileRef = 6307C62920E3346F006573C5 /* TaipeiParkRouter.swift */; };
		6307C62D20E3346F006573C5 /* ApiManager.swift in Sources */ = {isa = PBXBuildFile; fileRef = 6307C62A20E3346F006573C5 /* ApiManager.swift */; };
		6307C62F20E3347A006573C5 /* TaipeiModel.swift in Sources */ = {isa = PBXBuildFile; fileRef = 6307C62E20E3347A006573C5 /* TaipeiModel.swift */; };
		6307C63A20E4BE67006573C5 /* ViewManager.swift in Sources */ = {isa = PBXBuildFile; fileRef = 6307C63820E4BE67006573C5 /* ViewManager.swift */; };
		6307C63B20E4BE67006573C5 /* ViewManager.xib in Resources */ = {isa = PBXBuildFile; fileRef = 6307C63920E4BE67006573C5 /* ViewManager.xib */; };
		6307C63D20E4BEB0006573C5 /* NibDesignable.swift in Sources */ = {isa = PBXBuildFile; fileRef = 6307C63C20E4BEB0006573C5 /* NibDesignable.swift */; };
		6307C63F20E4C052006573C5 /* LoginNavigationController.swift in Sources */ = {isa = PBXBuildFile; fileRef = 6307C63E20E4C052006573C5 /* LoginNavigationController.swift */; };
		6307C64220E4C06E006573C5 /* LoginViewController.xib in Resources */ = {isa = PBXBuildFile; fileRef = 6307C64020E4C06E006573C5 /* LoginViewController.xib */; };
		6307C64320E4C06E006573C5 /* LoginViewController.swift in Sources */ = {isa = PBXBuildFile; fileRef = 6307C64120E4C06E006573C5 /* LoginViewController.swift */; };
		6314EC7B20EB23A5008E5310 /* SideMenuCell.swift in Sources */ = {isa = PBXBuildFile; fileRef = 6314EC7920EB23A5008E5310 /* SideMenuCell.swift */; };
		6314EC7C20EB23A5008E5310 /* SideMenuCell.xib in Resources */ = {isa = PBXBuildFile; fileRef = 6314EC7A20EB23A5008E5310 /* SideMenuCell.xib */; };
		6314EC7F20EB25A1008E5310 /* SideMenuModel.swift in Sources */ = {isa = PBXBuildFile; fileRef = 6314EC7E20EB25A1008E5310 /* SideMenuModel.swift */; };
		6314EC8220EDB5E2008E5310 /* UITextField+Extension.swift in Sources */ = {isa = PBXBuildFile; fileRef = 6314EC8120EDB5E2008E5310 /* UITextField+Extension.swift */; };
		6314EC8420EDC2B9008E5310 /* UIButton+Extension.swift in Sources */ = {isa = PBXBuildFile; fileRef = 6314EC8320EDC2B9008E5310 /* UIButton+Extension.swift */; };
		6314EC8720EF6E6C008E5310 /* OrderInfoModel.swift in Sources */ = {isa = PBXBuildFile; fileRef = 6314EC8620EF6E6C008E5310 /* OrderInfoModel.swift */; };
		6314EC8A20F306E5008E5310 /* OrderInfoCell.swift in Sources */ = {isa = PBXBuildFile; fileRef = 6314EC8820F306E5008E5310 /* OrderInfoCell.swift */; };
		6314EC8B20F306E5008E5310 /* OrderInfoCell.xib in Resources */ = {isa = PBXBuildFile; fileRef = 6314EC8920F306E5008E5310 /* OrderInfoCell.xib */; };
		63192A7D20E9B447000DC6AA /* SideMenuViewController.swift in Sources */ = {isa = PBXBuildFile; fileRef = 63192A7B20E9B447000DC6AA /* SideMenuViewController.swift */; };
		63192A7E20E9B447000DC6AA /* SideMenuViewController.xib in Resources */ = {isa = PBXBuildFile; fileRef = 63192A7C20E9B447000DC6AA /* SideMenuViewController.xib */; };
		63192A8120E9B476000DC6AA /* MainViewController.swift in Sources */ = {isa = PBXBuildFile; fileRef = 63192A7F20E9B476000DC6AA /* MainViewController.swift */; };
		63192A8220E9B476000DC6AA /* MainViewController.xib in Resources */ = {isa = PBXBuildFile; fileRef = 63192A8020E9B476000DC6AA /* MainViewController.xib */; };
		63192A8420E9CD96000DC6AA /* PopupController.swift in Sources */ = {isa = PBXBuildFile; fileRef = 63192A8320E9CD96000DC6AA /* PopupController.swift */; };
		631F5B8120EA27B50041BC88 /* MainNavigationController.swift in Sources */ = {isa = PBXBuildFile; fileRef = 631F5B8020EA27B50041BC88 /* MainNavigationController.swift */; };
		632AE7E320F3593300F5C3D6 /* UIView+Extension.swift in Sources */ = {isa = PBXBuildFile; fileRef = 632AE7E220F3593300F5C3D6 /* UIView+Extension.swift */; };
		632AE81320F4675300F5C3D6 /* FloatLabelTextView.swift in Sources */ = {isa = PBXBuildFile; fileRef = 632AE81120F4675300F5C3D6 /* FloatLabelTextView.swift */; };
		632AE81420F4675300F5C3D6 /* FloatLabelTextField.swift in Sources */ = {isa = PBXBuildFile; fileRef = 632AE81220F4675300F5C3D6 /* FloatLabelTextField.swift */; };
		63354D6420E4CD3400BCA32F /* BaseViewController.swift in Sources */ = {isa = PBXBuildFile; fileRef = 63354D6320E4CD3400BCA32F /* BaseViewController.swift */; };
		AB5416F79AB1C28A5C0420F6 /* Pods_SpaceConsole.framework in Frameworks */ = {isa = PBXBuildFile; fileRef = E8213242AA58E0CC78788B90 /* Pods_SpaceConsole.framework */; };
/* End PBXBuildFile section */

/* Begin PBXFileReference section */
		6307C60D20E32F0A006573C5 /* SpaceConsole.app */ = {isa = PBXFileReference; explicitFileType = wrapper.application; includeInIndex = 0; path = SpaceConsole.app; sourceTree = BUILT_PRODUCTS_DIR; };
		6307C61020E32F0A006573C5 /* AppDelegate.swift */ = {isa = PBXFileReference; lastKnownFileType = sourcecode.swift; path = AppDelegate.swift; sourceTree = "<group>"; };
		6307C61720E32F0A006573C5 /* Base */ = {isa = PBXFileReference; lastKnownFileType = file.storyboard; name = Base; path = Base.lproj/Main.storyboard; sourceTree = "<group>"; };
		6307C61920E32F0B006573C5 /* Assets.xcassets */ = {isa = PBXFileReference; lastKnownFileType = folder.assetcatalog; path = Assets.xcassets; sourceTree = "<group>"; };
		6307C61C20E32F0B006573C5 /* Base */ = {isa = PBXFileReference; lastKnownFileType = file.storyboard; name = Base; path = Base.lproj/LaunchScreen.storyboard; sourceTree = "<group>"; };
		6307C61E20E32F0B006573C5 /* Info.plist */ = {isa = PBXFileReference; lastKnownFileType = text.plist.xml; path = Info.plist; sourceTree = "<group>"; };
		6307C62820E3346F006573C5 /* BaseDataSerializer.swift */ = {isa = PBXFileReference; fileEncoding = 4; lastKnownFileType = sourcecode.swift; path = BaseDataSerializer.swift; sourceTree = "<group>"; };
		6307C62920E3346F006573C5 /* TaipeiParkRouter.swift */ = {isa = PBXFileReference; fileEncoding = 4; lastKnownFileType = sourcecode.swift; path = TaipeiParkRouter.swift; sourceTree = "<group>"; };
		6307C62A20E3346F006573C5 /* ApiManager.swift */ = {isa = PBXFileReference; fileEncoding = 4; lastKnownFileType = sourcecode.swift; path = ApiManager.swift; sourceTree = "<group>"; };
		6307C62E20E3347A006573C5 /* TaipeiModel.swift */ = {isa = PBXFileReference; fileEncoding = 4; lastKnownFileType = sourcecode.swift; path = TaipeiModel.swift; sourceTree = "<group>"; };
		6307C63820E4BE67006573C5 /* ViewManager.swift */ = {isa = PBXFileReference; fileEncoding = 4; lastKnownFileType = sourcecode.swift; path = ViewManager.swift; sourceTree = "<group>"; };
		6307C63920E4BE67006573C5 /* ViewManager.xib */ = {isa = PBXFileReference; fileEncoding = 4; lastKnownFileType = file.xib; path = ViewManager.xib; sourceTree = "<group>"; };
		6307C63C20E4BEB0006573C5 /* NibDesignable.swift */ = {isa = PBXFileReference; fileEncoding = 4; lastKnownFileType = sourcecode.swift; path = NibDesignable.swift; sourceTree = "<group>"; };
		6307C63E20E4C052006573C5 /* LoginNavigationController.swift */ = {isa = PBXFileReference; fileEncoding = 4; lastKnownFileType = sourcecode.swift; path = LoginNavigationController.swift; sourceTree = "<group>"; };
		6307C64020E4C06E006573C5 /* LoginViewController.xib */ = {isa = PBXFileReference; fileEncoding = 4; lastKnownFileType = file.xib; path = LoginViewController.xib; sourceTree = "<group>"; };
		6307C64120E4C06E006573C5 /* LoginViewController.swift */ = {isa = PBXFileReference; fileEncoding = 4; lastKnownFileType = sourcecode.swift; path = LoginViewController.swift; sourceTree = "<group>"; };
		6314EC7920EB23A5008E5310 /* SideMenuCell.swift */ = {isa = PBXFileReference; lastKnownFileType = sourcecode.swift; path = SideMenuCell.swift; sourceTree = "<group>"; };
		6314EC7A20EB23A5008E5310 /* SideMenuCell.xib */ = {isa = PBXFileReference; lastKnownFileType = file.xib; path = SideMenuCell.xib; sourceTree = "<group>"; };
		6314EC7E20EB25A1008E5310 /* SideMenuModel.swift */ = {isa = PBXFileReference; lastKnownFileType = sourcecode.swift; path = SideMenuModel.swift; sourceTree = "<group>"; };
		6314EC8120EDB5E2008E5310 /* UITextField+Extension.swift */ = {isa = PBXFileReference; lastKnownFileType = sourcecode.swift; path = "UITextField+Extension.swift"; sourceTree = "<group>"; };
		6314EC8320EDC2B9008E5310 /* UIButton+Extension.swift */ = {isa = PBXFileReference; lastKnownFileType = sourcecode.swift; path = "UIButton+Extension.swift"; sourceTree = "<group>"; };
		6314EC8620EF6E6C008E5310 /* OrderInfoModel.swift */ = {isa = PBXFileReference; lastKnownFileType = sourcecode.swift; path = OrderInfoModel.swift; sourceTree = "<group>"; };
		6314EC8820F306E5008E5310 /* OrderInfoCell.swift */ = {isa = PBXFileReference; lastKnownFileType = sourcecode.swift; path = OrderInfoCell.swift; sourceTree = "<group>"; };
		6314EC8920F306E5008E5310 /* OrderInfoCell.xib */ = {isa = PBXFileReference; lastKnownFileType = file.xib; path = OrderInfoCell.xib; sourceTree = "<group>"; };
		63192A7B20E9B447000DC6AA /* SideMenuViewController.swift */ = {isa = PBXFileReference; lastKnownFileType = sourcecode.swift; path = SideMenuViewController.swift; sourceTree = "<group>"; };
		63192A7C20E9B447000DC6AA /* SideMenuViewController.xib */ = {isa = PBXFileReference; lastKnownFileType = file.xib; path = SideMenuViewController.xib; sourceTree = "<group>"; };
		63192A7F20E9B476000DC6AA /* MainViewController.swift */ = {isa = PBXFileReference; lastKnownFileType = sourcecode.swift; path = MainViewController.swift; sourceTree = "<group>"; };
		63192A8020E9B476000DC6AA /* MainViewController.xib */ = {isa = PBXFileReference; lastKnownFileType = file.xib; path = MainViewController.xib; sourceTree = "<group>"; };
		63192A8320E9CD96000DC6AA /* PopupController.swift */ = {isa = PBXFileReference; lastKnownFileType = sourcecode.swift; path = PopupController.swift; sourceTree = "<group>"; };
		631F5B8020EA27B50041BC88 /* MainNavigationController.swift */ = {isa = PBXFileReference; lastKnownFileType = sourcecode.swift; path = MainNavigationController.swift; sourceTree = "<group>"; };
		632AE7E220F3593300F5C3D6 /* UIView+Extension.swift */ = {isa = PBXFileReference; lastKnownFileType = sourcecode.swift; path = "UIView+Extension.swift"; sourceTree = "<group>"; };
		632AE81120F4675300F5C3D6 /* FloatLabelTextView.swift */ = {isa = PBXFileReference; fileEncoding = 4; lastKnownFileType = sourcecode.swift; path = FloatLabelTextView.swift; sourceTree = "<group>"; };
		632AE81220F4675300F5C3D6 /* FloatLabelTextField.swift */ = {isa = PBXFileReference; fileEncoding = 4; lastKnownFileType = sourcecode.swift; path = FloatLabelTextField.swift; sourceTree = "<group>"; };
		63354D6320E4CD3400BCA32F /* BaseViewController.swift */ = {isa = PBXFileReference; lastKnownFileType = sourcecode.swift; path = BaseViewController.swift; sourceTree = "<group>"; };
		CEB0157D3AC32124105BC419 /* Pods-SpaceConsole.release.xcconfig */ = {isa = PBXFileReference; includeInIndex = 1; lastKnownFileType = text.xcconfig; name = "Pods-SpaceConsole.release.xcconfig"; path = "Pods/Target Support Files/Pods-SpaceConsole/Pods-SpaceConsole.release.xcconfig"; sourceTree = "<group>"; };
		DDDADB5A654056B2B33B523C /* Pods-SpaceConsole.debug.xcconfig */ = {isa = PBXFileReference; includeInIndex = 1; lastKnownFileType = text.xcconfig; name = "Pods-SpaceConsole.debug.xcconfig"; path = "Pods/Target Support Files/Pods-SpaceConsole/Pods-SpaceConsole.debug.xcconfig"; sourceTree = "<group>"; };
		E8213242AA58E0CC78788B90 /* Pods_SpaceConsole.framework */ = {isa = PBXFileReference; explicitFileType = wrapper.framework; includeInIndex = 0; path = Pods_SpaceConsole.framework; sourceTree = BUILT_PRODUCTS_DIR; };
/* End PBXFileReference section */

/* Begin PBXFrameworksBuildPhase section */
		6307C60A20E32F0A006573C5 /* Frameworks */ = {
			isa = PBXFrameworksBuildPhase;
			buildActionMask = 2147483647;
			files = (
				AB5416F79AB1C28A5C0420F6 /* Pods_SpaceConsole.framework in Frameworks */,
			);
			runOnlyForDeploymentPostprocessing = 0;
		};
/* End PBXFrameworksBuildPhase section */

/* Begin PBXGroup section */
		41DDE7620C90DD72A34DCCA0 /* Frameworks */ = {
			isa = PBXGroup;
			children = (
				E8213242AA58E0CC78788B90 /* Pods_SpaceConsole.framework */,
			);
			name = Frameworks;
			sourceTree = "<group>";
		};
		6307C60420E32F0A006573C5 = {
			isa = PBXGroup;
			children = (
				6307C60F20E32F0A006573C5 /* SpaceConsole */,
				6307C60E20E32F0A006573C5 /* Products */,
				CAA94A524A8A80E4D2DDC149 /* Pods */,
				41DDE7620C90DD72A34DCCA0 /* Frameworks */,
			);
			sourceTree = "<group>";
		};
		6307C60E20E32F0A006573C5 /* Products */ = {
			isa = PBXGroup;
			children = (
				6307C60D20E32F0A006573C5 /* SpaceConsole.app */,
			);
			name = Products;
			sourceTree = "<group>";
		};
		6307C60F20E32F0A006573C5 /* SpaceConsole */ = {
			isa = PBXGroup;
			children = (
				6307C63720E4BE4A006573C5 /* Common */,
				6307C62720E33369006573C5 /* Networking */,
				6307C62420E332BC006573C5 /* Feature */,
				6307C61020E32F0A006573C5 /* AppDelegate.swift */,
				6307C61620E32F0A006573C5 /* Main.storyboard */,
				6307C61920E32F0B006573C5 /* Assets.xcassets */,
				6307C61B20E32F0B006573C5 /* LaunchScreen.storyboard */,
				6307C61E20E32F0B006573C5 /* Info.plist */,
			);
			path = SpaceConsole;
			sourceTree = "<group>";
		};
		6307C62420E332BC006573C5 /* Feature */ = {
			isa = PBXGroup;
			children = (
				63192A7A20E9B40B000DC6AA /* SideMenu */,
				6307C63320E337FC006573C5 /* Home */,
				6307C63020E3375A006573C5 /* Login */,
			);
			path = Feature;
			sourceTree = "<group>";
		};
		6307C62520E332E5006573C5 /* Model */ = {
			isa = PBXGroup;
			children = (
				6307C62E20E3347A006573C5 /* TaipeiModel.swift */,
			);
			path = Model;
			sourceTree = "<group>";
		};
		6307C62720E33369006573C5 /* Networking */ = {
			isa = PBXGroup;
			children = (
				6307C62A20E3346F006573C5 /* ApiManager.swift */,
				6307C62820E3346F006573C5 /* BaseDataSerializer.swift */,
				6307C62920E3346F006573C5 /* TaipeiParkRouter.swift */,
			);
			path = Networking;
			sourceTree = "<group>";
		};
		6307C63020E3375A006573C5 /* Login */ = {
			isa = PBXGroup;
			children = (
				6307C62520E332E5006573C5 /* Model */,
				6307C63220E337E4006573C5 /* View */,
				6307C63120E337DC006573C5 /* Controller */,
			);
			path = Login;
			sourceTree = "<group>";
		};
		6307C63120E337DC006573C5 /* Controller */ = {
			isa = PBXGroup;
			children = (
				6307C63E20E4C052006573C5 /* LoginNavigationController.swift */,
				6307C64120E4C06E006573C5 /* LoginViewController.swift */,
			);
			path = Controller;
			sourceTree = "<group>";
		};
		6307C63220E337E4006573C5 /* View */ = {
			isa = PBXGroup;
			children = (
				6307C64020E4C06E006573C5 /* LoginViewController.xib */,
			);
			path = View;
			sourceTree = "<group>";
		};
		6307C63320E337FC006573C5 /* Home */ = {
			isa = PBXGroup;
			children = (
				6314EC8520EF6E18008E5310 /* Model */,
				631F5B8020EA27B50041BC88 /* MainNavigationController.swift */,
				63192A7F20E9B476000DC6AA /* MainViewController.swift */,
				63192A8020E9B476000DC6AA /* MainViewController.xib */,
				6314EC8820F306E5008E5310 /* OrderInfoCell.swift */,
				6314EC8920F306E5008E5310 /* OrderInfoCell.xib */,
			);
			path = Home;
			sourceTree = "<group>";
		};
		6307C63720E4BE4A006573C5 /* Common */ = {
			isa = PBXGroup;
			children = (
				632AE81020F4675300F5C3D6 /* FloatLabelFields */,
				63354D6320E4CD3400BCA32F /* BaseViewController.swift */,
				6307C63820E4BE67006573C5 /* ViewManager.swift */,
				6307C63920E4BE67006573C5 /* ViewManager.xib */,
				6307C63C20E4BEB0006573C5 /* NibDesignable.swift */,
				63192A8320E9CD96000DC6AA /* PopupController.swift */,
				6314EC8120EDB5E2008E5310 /* UITextField+Extension.swift */,
				6314EC8320EDC2B9008E5310 /* UIButton+Extension.swift */,
				632AE7E220F3593300F5C3D6 /* UIView+Extension.swift */,
			);
			path = Common;
			sourceTree = "<group>";
		};
		6314EC7D20EB256F008E5310 /* Model */ = {
			isa = PBXGroup;
			children = (
				6314EC7E20EB25A1008E5310 /* SideMenuModel.swift */,
			);
			path = Model;
			sourceTree = "<group>";
		};
		6314EC8520EF6E18008E5310 /* Model */ = {
			isa = PBXGroup;
			children = (
				6314EC8620EF6E6C008E5310 /* OrderInfoModel.swift */,
			);
			path = Model;
			sourceTree = "<group>";
		};
		63192A7A20E9B40B000DC6AA /* SideMenu */ = {
			isa = PBXGroup;
			children = (
				6314EC7D20EB256F008E5310 /* Model */,
				63192A7B20E9B447000DC6AA /* SideMenuViewController.swift */,
				63192A7C20E9B447000DC6AA /* SideMenuViewController.xib */,
				6314EC7920EB23A5008E5310 /* SideMenuCell.swift */,
				6314EC7A20EB23A5008E5310 /* SideMenuCell.xib */,
			);
			path = SideMenu;
			sourceTree = "<group>";
		};
		632AE81020F4675300F5C3D6 /* FloatLabelFields */ = {
			isa = PBXGroup;
			children = (
				632AE81120F4675300F5C3D6 /* FloatLabelTextView.swift */,
				632AE81220F4675300F5C3D6 /* FloatLabelTextField.swift */,
			);
			path = FloatLabelFields;
			sourceTree = "<group>";
		};
		CAA94A524A8A80E4D2DDC149 /* Pods */ = {
			isa = PBXGroup;
			children = (
				DDDADB5A654056B2B33B523C /* Pods-SpaceConsole.debug.xcconfig */,
				CEB0157D3AC32124105BC419 /* Pods-SpaceConsole.release.xcconfig */,
			);
			name = Pods;
			sourceTree = "<group>";
		};
/* End PBXGroup section */

/* Begin PBXNativeTarget section */
		6307C60C20E32F0A006573C5 /* SpaceConsole */ = {
			isa = PBXNativeTarget;
			buildConfigurationList = 6307C62120E32F0B006573C5 /* Build configuration list for PBXNativeTarget "SpaceConsole" */;
			buildPhases = (
				F696E568F81A9AB3D4277634 /* [CP] Check Pods Manifest.lock */,
				6307C60920E32F0A006573C5 /* Sources */,
				6307C60A20E32F0A006573C5 /* Frameworks */,
				6307C60B20E32F0A006573C5 /* Resources */,
				2720DD4E8E5BC67AF9F6AFEE /* [CP] Embed Pods Frameworks */,
			);
			buildRules = (
			);
			dependencies = (
			);
			name = SpaceConsole;
			productName = SpaceConsole;
			productReference = 6307C60D20E32F0A006573C5 /* SpaceConsole.app */;
			productType = "com.apple.product-type.application";
		};
/* End PBXNativeTarget section */

/* Begin PBXProject section */
		6307C60520E32F0A006573C5 /* Project object */ = {
			isa = PBXProject;
			attributes = {
				LastSwiftUpdateCheck = 0940;
				LastUpgradeCheck = 0940;
				ORGANIZATIONNAME = SpaceAdvisor;
				TargetAttributes = {
					6307C60C20E32F0A006573C5 = {
						CreatedOnToolsVersion = 9.4;
					};
				};
			};
			buildConfigurationList = 6307C60820E32F0A006573C5 /* Build configuration list for PBXProject "SpaceConsole" */;
			compatibilityVersion = "Xcode 9.3";
			developmentRegion = en;
			hasScannedForEncodings = 0;
			knownRegions = (
				en,
				Base,
			);
			mainGroup = 6307C60420E32F0A006573C5;
			productRefGroup = 6307C60E20E32F0A006573C5 /* Products */;
			projectDirPath = "";
			projectRoot = "";
			targets = (
				6307C60C20E32F0A006573C5 /* SpaceConsole */,
			);
		};
/* End PBXProject section */

/* Begin PBXResourcesBuildPhase section */
		6307C60B20E32F0A006573C5 /* Resources */ = {
			isa = PBXResourcesBuildPhase;
			buildActionMask = 2147483647;
			files = (
				6307C64220E4C06E006573C5 /* LoginViewController.xib in Resources */,
				6307C61D20E32F0B006573C5 /* LaunchScreen.storyboard in Resources */,
				63192A7E20E9B447000DC6AA /* SideMenuViewController.xib in Resources */,
				6314EC7C20EB23A5008E5310 /* SideMenuCell.xib in Resources */,
				6307C63B20E4BE67006573C5 /* ViewManager.xib in Resources */,
				6307C61A20E32F0B006573C5 /* Assets.xcassets in Resources */,
				6314EC8B20F306E5008E5310 /* OrderInfoCell.xib in Resources */,
				63192A8220E9B476000DC6AA /* MainViewController.xib in Resources */,
				6307C61820E32F0A006573C5 /* Main.storyboard in Resources */,
			);
			runOnlyForDeploymentPostprocessing = 0;
		};
/* End PBXResourcesBuildPhase section */

/* Begin PBXShellScriptBuildPhase section */
		2720DD4E8E5BC67AF9F6AFEE /* [CP] Embed Pods Frameworks */ = {
			isa = PBXShellScriptBuildPhase;
			buildActionMask = 2147483647;
			files = (
			);
			inputPaths = (
				"${SRCROOT}/Pods/Target Support Files/Pods-SpaceConsole/Pods-SpaceConsole-frameworks.sh",
				"${BUILT_PRODUCTS_DIR}/Alamofire/Alamofire.framework",
				"${BUILT_PRODUCTS_DIR}/HMSegmentedControl/HMSegmentedControl.framework",
				"${BUILT_PRODUCTS_DIR}/MGSwipeTableCell/MGSwipeTableCell.framework",
				"${BUILT_PRODUCTS_DIR}/RxCocoa/RxCocoa.framework",
				"${BUILT_PRODUCTS_DIR}/RxSwift/RxSwift.framework",
				"${BUILT_PRODUCTS_DIR}/SDWebImage/SDWebImage.framework",
				"${BUILT_PRODUCTS_DIR}/SVProgressHUD/SVProgressHUD.framework",
				"${BUILT_PRODUCTS_DIR}/SideMenu/SideMenu.framework",
				"${BUILT_PRODUCTS_DIR}/SnapKit/SnapKit.framework",
				"${BUILT_PRODUCTS_DIR}/libwebp/libwebp.framework",
			);
			name = "[CP] Embed Pods Frameworks";
			outputPaths = (
				"${TARGET_BUILD_DIR}/${FRAMEWORKS_FOLDER_PATH}/Alamofire.framework",
				"${TARGET_BUILD_DIR}/${FRAMEWORKS_FOLDER_PATH}/HMSegmentedControl.framework",
				"${TARGET_BUILD_DIR}/${FRAMEWORKS_FOLDER_PATH}/MGSwipeTableCell.framework",
				"${TARGET_BUILD_DIR}/${FRAMEWORKS_FOLDER_PATH}/RxCocoa.framework",
				"${TARGET_BUILD_DIR}/${FRAMEWORKS_FOLDER_PATH}/RxSwift.framework",
				"${TARGET_BUILD_DIR}/${FRAMEWORKS_FOLDER_PATH}/SDWebImage.framework",
				"${TARGET_BUILD_DIR}/${FRAMEWORKS_FOLDER_PATH}/SVProgressHUD.framework",
				"${TARGET_BUILD_DIR}/${FRAMEWORKS_FOLDER_PATH}/SideMenu.framework",
				"${TARGET_BUILD_DIR}/${FRAMEWORKS_FOLDER_PATH}/SnapKit.framework",
				"${TARGET_BUILD_DIR}/${FRAMEWORKS_FOLDER_PATH}/libwebp.framework",
			);
			runOnlyForDeploymentPostprocessing = 0;
			shellPath = /bin/sh;
			shellScript = "\"${SRCROOT}/Pods/Target Support Files/Pods-SpaceConsole/Pods-SpaceConsole-frameworks.sh\"\n";
			showEnvVarsInLog = 0;
		};
		F696E568F81A9AB3D4277634 /* [CP] Check Pods Manifest.lock */ = {
			isa = PBXShellScriptBuildPhase;
			buildActionMask = 2147483647;
			files = (
			);
			inputPaths = (
				"${PODS_PODFILE_DIR_PATH}/Podfile.lock",
				"${PODS_ROOT}/Manifest.lock",
			);
			name = "[CP] Check Pods Manifest.lock";
			outputPaths = (
				"$(DERIVED_FILE_DIR)/Pods-SpaceConsole-checkManifestLockResult.txt",
			);
			runOnlyForDeploymentPostprocessing = 0;
			shellPath = /bin/sh;
			shellScript = "diff \"${PODS_PODFILE_DIR_PATH}/Podfile.lock\" \"${PODS_ROOT}/Manifest.lock\" > /dev/null\nif [ $? != 0 ] ; then\n    # print error to STDERR\n    echo \"error: The sandbox is not in sync with the Podfile.lock. Run 'pod install' or update your CocoaPods installation.\" >&2\n    exit 1\nfi\n# This output is used by Xcode 'outputs' to avoid re-running this script phase.\necho \"SUCCESS\" > \"${SCRIPT_OUTPUT_FILE_0}\"\n";
			showEnvVarsInLog = 0;
		};
/* End PBXShellScriptBuildPhase section */

/* Begin PBXSourcesBuildPhase section */
		6307C60920E32F0A006573C5 /* Sources */ = {
			isa = PBXSourcesBuildPhase;
			buildActionMask = 2147483647;
			files = (
				6314EC8720EF6E6C008E5310 /* OrderInfoModel.swift in Sources */,
				6314EC8220EDB5E2008E5310 /* UITextField+Extension.swift in Sources */,
				6307C63D20E4BEB0006573C5 /* NibDesignable.swift in Sources */,
				631F5B8120EA27B50041BC88 /* MainNavigationController.swift in Sources */,
				6307C63A20E4BE67006573C5 /* ViewManager.swift in Sources */,
				63192A7D20E9B447000DC6AA /* SideMenuViewController.swift in Sources */,
				6307C61120E32F0A006573C5 /* AppDelegate.swift in Sources */,
				6307C62B20E3346F006573C5 /* BaseDataSerializer.swift in Sources */,
				63354D6420E4CD3400BCA32F /* BaseViewController.swift in Sources */,
				63192A8120E9B476000DC6AA /* MainViewController.swift in Sources */,
				6314EC8A20F306E5008E5310 /* OrderInfoCell.swift in Sources */,
				6307C63F20E4C052006573C5 /* LoginNavigationController.swift in Sources */,
				63192A8420E9CD96000DC6AA /* PopupController.swift in Sources */,
				6314EC8420EDC2B9008E5310 /* UIButton+Extension.swift in Sources */,
				6307C62D20E3346F006573C5 /* ApiManager.swift in Sources */,
				632AE81420F4675300F5C3D6 /* FloatLabelTextField.swift in Sources */,
				632AE7E320F3593300F5C3D6 /* UIView+Extension.swift in Sources */,
				6314EC7F20EB25A1008E5310 /* SideMenuModel.swift in Sources */,
				6307C62F20E3347A006573C5 /* TaipeiModel.swift in Sources */,
				6307C62C20E3346F006573C5 /* TaipeiParkRouter.swift in Sources */,
				632AE81320F4675300F5C3D6 /* FloatLabelTextView.swift in Sources */,
				6307C64320E4C06E006573C5 /* LoginViewController.swift in Sources */,
				6314EC7B20EB23A5008E5310 /* SideMenuCell.swift in Sources */,
			);
			runOnlyForDeploymentPostprocessing = 0;
		};
/* End PBXSourcesBuildPhase section */

/* Begin PBXVariantGroup section */
		6307C61620E32F0A006573C5 /* Main.storyboard */ = {
			isa = PBXVariantGroup;
			children = (
				6307C61720E32F0A006573C5 /* Base */,
			);
			name = Main.storyboard;
			sourceTree = "<group>";
		};
		6307C61B20E32F0B006573C5 /* LaunchScreen.storyboard */ = {
			isa = PBXVariantGroup;
			children = (
				6307C61C20E32F0B006573C5 /* Base */,
			);
			name = LaunchScreen.storyboard;
			sourceTree = "<group>";
		};
/* End PBXVariantGroup section */

/* Begin XCBuildConfiguration section */
		6307C61F20E32F0B006573C5 /* Debug */ = {
			isa = XCBuildConfiguration;
			buildSettings = {
				ALWAYS_SEARCH_USER_PATHS = NO;
				CLANG_ANALYZER_NONNULL = YES;
				CLANG_ANALYZER_NUMBER_OBJECT_CONVERSION = YES_AGGRESSIVE;
				CLANG_CXX_LANGUAGE_STANDARD = "gnu++14";
				CLANG_CXX_LIBRARY = "libc++";
				CLANG_ENABLE_MODULES = YES;
				CLANG_ENABLE_OBJC_ARC = YES;
				CLANG_ENABLE_OBJC_WEAK = YES;
				CLANG_WARN_BLOCK_CAPTURE_AUTORELEASING = YES;
				CLANG_WARN_BOOL_CONVERSION = YES;
				CLANG_WARN_COMMA = YES;
				CLANG_WARN_CONSTANT_CONVERSION = YES;
				CLANG_WARN_DEPRECATED_OBJC_IMPLEMENTATIONS = YES;
				CLANG_WARN_DIRECT_OBJC_ISA_USAGE = YES_ERROR;
				CLANG_WARN_DOCUMENTATION_COMMENTS = YES;
				CLANG_WARN_EMPTY_BODY = YES;
				CLANG_WARN_ENUM_CONVERSION = YES;
				CLANG_WARN_INFINITE_RECURSION = YES;
				CLANG_WARN_INT_CONVERSION = YES;
				CLANG_WARN_NON_LITERAL_NULL_CONVERSION = YES;
				CLANG_WARN_OBJC_IMPLICIT_RETAIN_SELF = YES;
				CLANG_WARN_OBJC_LITERAL_CONVERSION = YES;
				CLANG_WARN_OBJC_ROOT_CLASS = YES_ERROR;
				CLANG_WARN_RANGE_LOOP_ANALYSIS = YES;
				CLANG_WARN_STRICT_PROTOTYPES = YES;
				CLANG_WARN_SUSPICIOUS_MOVE = YES;
				CLANG_WARN_UNGUARDED_AVAILABILITY = YES_AGGRESSIVE;
				CLANG_WARN_UNREACHABLE_CODE = YES;
				CLANG_WARN__DUPLICATE_METHOD_MATCH = YES;
				CODE_SIGN_IDENTITY = "iPhone Developer";
				COPY_PHASE_STRIP = NO;
				DEBUG_INFORMATION_FORMAT = dwarf;
				ENABLE_STRICT_OBJC_MSGSEND = YES;
				ENABLE_TESTABILITY = YES;
				GCC_C_LANGUAGE_STANDARD = gnu11;
				GCC_DYNAMIC_NO_PIC = NO;
				GCC_NO_COMMON_BLOCKS = YES;
				GCC_OPTIMIZATION_LEVEL = 0;
				GCC_PREPROCESSOR_DEFINITIONS = (
					"DEBUG=1",
					"$(inherited)",
				);
				GCC_WARN_64_TO_32_BIT_CONVERSION = YES;
				GCC_WARN_ABOUT_RETURN_TYPE = YES_ERROR;
				GCC_WARN_UNDECLARED_SELECTOR = YES;
				GCC_WARN_UNINITIALIZED_AUTOS = YES_AGGRESSIVE;
				GCC_WARN_UNUSED_FUNCTION = YES;
				GCC_WARN_UNUSED_VARIABLE = YES;
				IPHONEOS_DEPLOYMENT_TARGET = 11.4;
				MTL_ENABLE_DEBUG_INFO = YES;
				ONLY_ACTIVE_ARCH = YES;
				SDKROOT = iphoneos;
				SWIFT_ACTIVE_COMPILATION_CONDITIONS = DEBUG;
				SWIFT_OPTIMIZATION_LEVEL = "-Onone";
			};
			name = Debug;
		};
		6307C62020E32F0B006573C5 /* Release */ = {
			isa = XCBuildConfiguration;
			buildSettings = {
				ALWAYS_SEARCH_USER_PATHS = NO;
				CLANG_ANALYZER_NONNULL = YES;
				CLANG_ANALYZER_NUMBER_OBJECT_CONVERSION = YES_AGGRESSIVE;
				CLANG_CXX_LANGUAGE_STANDARD = "gnu++14";
				CLANG_CXX_LIBRARY = "libc++";
				CLANG_ENABLE_MODULES = YES;
				CLANG_ENABLE_OBJC_ARC = YES;
				CLANG_ENABLE_OBJC_WEAK = YES;
				CLANG_WARN_BLOCK_CAPTURE_AUTORELEASING = YES;
				CLANG_WARN_BOOL_CONVERSION = YES;
				CLANG_WARN_COMMA = YES;
				CLANG_WARN_CONSTANT_CONVERSION = YES;
				CLANG_WARN_DEPRECATED_OBJC_IMPLEMENTATIONS = YES;
				CLANG_WARN_DIRECT_OBJC_ISA_USAGE = YES_ERROR;
				CLANG_WARN_DOCUMENTATION_COMMENTS = YES;
				CLANG_WARN_EMPTY_BODY = YES;
				CLANG_WARN_ENUM_CONVERSION = YES;
				CLANG_WARN_INFINITE_RECURSION = YES;
				CLANG_WARN_INT_CONVERSION = YES;
				CLANG_WARN_NON_LITERAL_NULL_CONVERSION = YES;
				CLANG_WARN_OBJC_IMPLICIT_RETAIN_SELF = YES;
				CLANG_WARN_OBJC_LITERAL_CONVERSION = YES;
				CLANG_WARN_OBJC_ROOT_CLASS = YES_ERROR;
				CLANG_WARN_RANGE_LOOP_ANALYSIS = YES;
				CLANG_WARN_STRICT_PROTOTYPES = YES;
				CLANG_WARN_SUSPICIOUS_MOVE = YES;
				CLANG_WARN_UNGUARDED_AVAILABILITY = YES_AGGRESSIVE;
				CLANG_WARN_UNREACHABLE_CODE = YES;
				CLANG_WARN__DUPLICATE_METHOD_MATCH = YES;
				CODE_SIGN_IDENTITY = "iPhone Developer";
				COPY_PHASE_STRIP = NO;
				DEBUG_INFORMATION_FORMAT = "dwarf-with-dsym";
				ENABLE_NS_ASSERTIONS = NO;
				ENABLE_STRICT_OBJC_MSGSEND = YES;
				GCC_C_LANGUAGE_STANDARD = gnu11;
				GCC_NO_COMMON_BLOCKS = YES;
				GCC_WARN_64_TO_32_BIT_CONVERSION = YES;
				GCC_WARN_ABOUT_RETURN_TYPE = YES_ERROR;
				GCC_WARN_UNDECLARED_SELECTOR = YES;
				GCC_WARN_UNINITIALIZED_AUTOS = YES_AGGRESSIVE;
				GCC_WARN_UNUSED_FUNCTION = YES;
				GCC_WARN_UNUSED_VARIABLE = YES;
				IPHONEOS_DEPLOYMENT_TARGET = 11.4;
				MTL_ENABLE_DEBUG_INFO = NO;
				SDKROOT = iphoneos;
				SWIFT_COMPILATION_MODE = wholemodule;
				SWIFT_OPTIMIZATION_LEVEL = "-O";
				VALIDATE_PRODUCT = YES;
			};
			name = Release;
		};
		6307C62220E32F0B006573C5 /* Debug */ = {
			isa = XCBuildConfiguration;
			baseConfigurationReference = DDDADB5A654056B2B33B523C /* Pods-SpaceConsole.debug.xcconfig */;
			buildSettings = {
				ASSETCATALOG_COMPILER_APPICON_NAME = AppIcon;
				CODE_SIGN_STYLE = Automatic;
				INFOPLIST_FILE = SpaceConsole/Info.plist;
				IPHONEOS_DEPLOYMENT_TARGET = 9.0;
				LD_RUNPATH_SEARCH_PATHS = (
					"$(inherited)",
					"@executable_path/Frameworks",
				);
				PRODUCT_BUNDLE_IDENTIFIER = com.spaceadvisor.SpaceConsole;
				PRODUCT_NAME = "$(TARGET_NAME)";
				SWIFT_VERSION = 4.0;
				TARGETED_DEVICE_FAMILY = "1,2";
			};
			name = Debug;
		};
		6307C62320E32F0B006573C5 /* Release */ = {
			isa = XCBuildConfiguration;
			baseConfigurationReference = CEB0157D3AC32124105BC419 /* Pods-SpaceConsole.release.xcconfig */;
			buildSettings = {
				ASSETCATALOG_COMPILER_APPICON_NAME = AppIcon;
				CODE_SIGN_STYLE = Automatic;
				INFOPLIST_FILE = SpaceConsole/Info.plist;
				IPHONEOS_DEPLOYMENT_TARGET = 9.0;
				LD_RUNPATH_SEARCH_PATHS = (
					"$(inherited)",
					"@executable_path/Frameworks",
				);
				PRODUCT_BUNDLE_IDENTIFIER = com.spaceadvisor.SpaceConsole;
				PRODUCT_NAME = "$(TARGET_NAME)";
				SWIFT_VERSION = 4.0;
				TARGETED_DEVICE_FAMILY = "1,2";
			};
			name = Release;
		};
/* End XCBuildConfiguration section */

/* Begin XCConfigurationList section */
		6307C60820E32F0A006573C5 /* Build configuration list for PBXProject "SpaceConsole" */ = {
			isa = XCConfigurationList;
			buildConfigurations = (
				6307C61F20E32F0B006573C5 /* Debug */,
				6307C62020E32F0B006573C5 /* Release */,
			);
			defaultConfigurationIsVisible = 0;
			defaultConfigurationName = Release;
		};
		6307C62120E32F0B006573C5 /* Build configuration list for PBXNativeTarget "SpaceConsole" */ = {
			isa = XCConfigurationList;
			buildConfigurations = (
				6307C62220E32F0B006573C5 /* Debug */,
				6307C62320E32F0B006573C5 /* Release */,
			);
			defaultConfigurationIsVisible = 0;
			defaultConfigurationName = Release;
		};
/* End XCConfigurationList section */
	};
	rootObject = 6307C60520E32F0A006573C5 /* Project object */;
}
